// !$*UTF8*$!
{
	archiveVersion = 1;
	classes = {
	};
	objectVersion = 50;
	objects = {

/* Begin PBXBuildFile section */
		894DEB6224E41AC600942B36 /* FloatConverter.swift in Sources */ = {isa = PBXBuildFile; fileRef = 894DEB6124E41AC600942B36 /* FloatConverter.swift */; };
		8971404424E2B60C00FBB03B /* AppDelegate.swift in Sources */ = {isa = PBXBuildFile; fileRef = 8971404324E2B60C00FBB03B /* AppDelegate.swift */; };
		8971404624E2B60C00FBB03B /* SceneDelegate.swift in Sources */ = {isa = PBXBuildFile; fileRef = 8971404524E2B60C00FBB03B /* SceneDelegate.swift */; };
		8971404A24E2B60E00FBB03B /* Assets.xcassets in Resources */ = {isa = PBXBuildFile; fileRef = 8971404924E2B60E00FBB03B /* Assets.xcassets */; };
		8971404D24E2B60E00FBB03B /* Preview Assets.xcassets in Resources */ = {isa = PBXBuildFile; fileRef = 8971404C24E2B60E00FBB03B /* Preview Assets.xcassets */; };
		8971405024E2B60E00FBB03B /* LaunchScreen.storyboard in Resources */ = {isa = PBXBuildFile; fileRef = 8971404E24E2B60E00FBB03B /* LaunchScreen.storyboard */; };
		898A72C724E2BA320013BC34 /* Institution.swift in Sources */ = {isa = PBXBuildFile; fileRef = 898A72C624E2BA320013BC34 /* Institution.swift */; };
		898A72C924E2BAAA0013BC34 /* Course.swift in Sources */ = {isa = PBXBuildFile; fileRef = 898A72C824E2BAAA0013BC34 /* Course.swift */; };
		898A72CB24E2BAC00013BC34 /* Recrutation.swift in Sources */ = {isa = PBXBuildFile; fileRef = 898A72CA24E2BAC00013BC34 /* Recrutation.swift */; };
		898A72CD24E2BF390013BC34 /* Subject.swift in Sources */ = {isa = PBXBuildFile; fileRef = 898A72CC24E2BF390013BC34 /* Subject.swift */; };
		898A72CF24E2C28A0013BC34 /* User.swift in Sources */ = {isa = PBXBuildFile; fileRef = 898A72CE24E2C28A0013BC34 /* User.swift */; };
		898A72D124E2C4C40013BC34 /* ExamResult.swift in Sources */ = {isa = PBXBuildFile; fileRef = 898A72D024E2C4C40013BC34 /* ExamResult.swift */; };
		898A72D324E2C67D0013BC34 /* DefinedSubjects.swift in Sources */ = {isa = PBXBuildFile; fileRef = 898A72D224E2C67D0013BC34 /* DefinedSubjects.swift */; };
		898A72D624E2C9C80013BC34 /* HomeScreenView.swift in Sources */ = {isa = PBXBuildFile; fileRef = 898A72D524E2C9C80013BC34 /* HomeScreenView.swift */; };
		898A72D824E2C9D30013BC34 /* HomeScreenViewModel.swift in Sources */ = {isa = PBXBuildFile; fileRef = 898A72D724E2C9D30013BC34 /* HomeScreenViewModel.swift */; };
		898A72DB24E2CA080013BC34 /* UserAccountViewModel.swift in Sources */ = {isa = PBXBuildFile; fileRef = 898A72DA24E2CA080013BC34 /* UserAccountViewModel.swift */; };
		898A72DD24E2CA130013BC34 /* UserAccountScreen.swift in Sources */ = {isa = PBXBuildFile; fileRef = 898A72DC24E2CA130013BC34 /* UserAccountScreen.swift */; };
		898A72E024E2CA5A0013BC34 /* CatalogScreen.swift in Sources */ = {isa = PBXBuildFile; fileRef = 898A72DF24E2CA5A0013BC34 /* CatalogScreen.swift */; };
		898A72E224E2CA680013BC34 /* CatalogScreenViewModel.swift in Sources */ = {isa = PBXBuildFile; fileRef = 898A72E124E2CA680013BC34 /* CatalogScreenViewModel.swift */; };
/* End PBXBuildFile section */

/* Begin PBXFileReference section */
		894DEB6124E41AC600942B36 /* FloatConverter.swift */ = {isa = PBXFileReference; lastKnownFileType = sourcecode.swift; path = FloatConverter.swift; sourceTree = "<group>"; };
		8971404024E2B60C00FBB03B /* UniversityCalculator.app */ = {isa = PBXFileReference; explicitFileType = wrapper.application; includeInIndex = 0; path = UniversityCalculator.app; sourceTree = BUILT_PRODUCTS_DIR; };
		8971404324E2B60C00FBB03B /* AppDelegate.swift */ = {isa = PBXFileReference; lastKnownFileType = sourcecode.swift; path = AppDelegate.swift; sourceTree = "<group>"; };
		8971404524E2B60C00FBB03B /* SceneDelegate.swift */ = {isa = PBXFileReference; lastKnownFileType = sourcecode.swift; path = SceneDelegate.swift; sourceTree = "<group>"; };
		8971404924E2B60E00FBB03B /* Assets.xcassets */ = {isa = PBXFileReference; lastKnownFileType = folder.assetcatalog; path = Assets.xcassets; sourceTree = "<group>"; };
		8971404C24E2B60E00FBB03B /* Preview Assets.xcassets */ = {isa = PBXFileReference; lastKnownFileType = folder.assetcatalog; path = "Preview Assets.xcassets"; sourceTree = "<group>"; };
		8971404F24E2B60E00FBB03B /* Base */ = {isa = PBXFileReference; lastKnownFileType = file.storyboard; name = Base; path = Base.lproj/LaunchScreen.storyboard; sourceTree = "<group>"; };
		8971405124E2B60E00FBB03B /* Info.plist */ = {isa = PBXFileReference; lastKnownFileType = text.plist.xml; path = Info.plist; sourceTree = "<group>"; };
		898A72C624E2BA320013BC34 /* Institution.swift */ = {isa = PBXFileReference; lastKnownFileType = sourcecode.swift; path = Institution.swift; sourceTree = "<group>"; };
		898A72C824E2BAAA0013BC34 /* Course.swift */ = {isa = PBXFileReference; lastKnownFileType = sourcecode.swift; path = Course.swift; sourceTree = "<group>"; };
		898A72CA24E2BAC00013BC34 /* Recrutation.swift */ = {isa = PBXFileReference; lastKnownFileType = sourcecode.swift; path = Recrutation.swift; sourceTree = "<group>"; };
		898A72CC24E2BF390013BC34 /* Subject.swift */ = {isa = PBXFileReference; lastKnownFileType = sourcecode.swift; path = Subject.swift; sourceTree = "<group>"; };
		898A72CE24E2C28A0013BC34 /* User.swift */ = {isa = PBXFileReference; lastKnownFileType = sourcecode.swift; path = User.swift; sourceTree = "<group>"; };
		898A72D024E2C4C40013BC34 /* ExamResult.swift */ = {isa = PBXFileReference; lastKnownFileType = sourcecode.swift; path = ExamResult.swift; sourceTree = "<group>"; };
		898A72D224E2C67D0013BC34 /* DefinedSubjects.swift */ = {isa = PBXFileReference; lastKnownFileType = sourcecode.swift; path = DefinedSubjects.swift; sourceTree = "<group>"; };
		898A72D524E2C9C80013BC34 /* HomeScreenView.swift */ = {isa = PBXFileReference; lastKnownFileType = sourcecode.swift; path = HomeScreenView.swift; sourceTree = "<group>"; };
		898A72D724E2C9D30013BC34 /* HomeScreenViewModel.swift */ = {isa = PBXFileReference; lastKnownFileType = sourcecode.swift; path = HomeScreenViewModel.swift; sourceTree = "<group>"; };
		898A72DA24E2CA080013BC34 /* UserAccountViewModel.swift */ = {isa = PBXFileReference; lastKnownFileType = sourcecode.swift; path = UserAccountViewModel.swift; sourceTree = "<group>"; };
		898A72DC24E2CA130013BC34 /* UserAccountScreen.swift */ = {isa = PBXFileReference; lastKnownFileType = sourcecode.swift; path = UserAccountScreen.swift; sourceTree = "<group>"; };
		898A72DF24E2CA5A0013BC34 /* CatalogScreen.swift */ = {isa = PBXFileReference; lastKnownFileType = sourcecode.swift; path = CatalogScreen.swift; sourceTree = "<group>"; };
		898A72E124E2CA680013BC34 /* CatalogScreenViewModel.swift */ = {isa = PBXFileReference; lastKnownFileType = sourcecode.swift; path = CatalogScreenViewModel.swift; sourceTree = "<group>"; };
/* End PBXFileReference section */

/* Begin PBXFrameworksBuildPhase section */
		8971403D24E2B60C00FBB03B /* Frameworks */ = {
			isa = PBXFrameworksBuildPhase;
			buildActionMask = 2147483647;
			files = (
			);
			runOnlyForDeploymentPostprocessing = 0;
		};
/* End PBXFrameworksBuildPhase section */

/* Begin PBXGroup section */
		894DEB6024E41AA600942B36 /* Helpers */ = {
			isa = PBXGroup;
			children = (
				894DEB6124E41AC600942B36 /* FloatConverter.swift */,
			);
			path = Helpers;
			sourceTree = "<group>";
		};
		894DEB6324E4212300942B36 /* CatalogScreen */ = {
			isa = PBXGroup;
			children = (
				898A72DF24E2CA5A0013BC34 /* CatalogScreen.swift */,
				898A72E124E2CA680013BC34 /* CatalogScreenViewModel.swift */,
			);
			path = CatalogScreen;
			sourceTree = "<group>";
		};
		8971403724E2B60C00FBB03B = {
			isa = PBXGroup;
			children = (
				8971404224E2B60C00FBB03B /* UniversityCalculator */,
				8971404124E2B60C00FBB03B /* Products */,
			);
			sourceTree = "<group>";
		};
		8971404124E2B60C00FBB03B /* Products */ = {
			isa = PBXGroup;
			children = (
				8971404024E2B60C00FBB03B /* UniversityCalculator.app */,
			);
			name = Products;
			sourceTree = "<group>";
		};
		8971404224E2B60C00FBB03B /* UniversityCalculator */ = {
			isa = PBXGroup;
			children = (
				8971405824E2B67E00FBB03B /* Resources */,
				8971405724E2B66A00FBB03B /* App */,
				898A72C424E2B98E0013BC34 /* Models */,
				894DEB6024E41AA600942B36 /* Helpers */,
				898A72C524E2B9AD0013BC34 /* Screens */,
				8971405124E2B60E00FBB03B /* Info.plist */,
				8971404B24E2B60E00FBB03B /* Preview Content */,
			);
			path = UniversityCalculator;
			sourceTree = "<group>";
		};
		8971404B24E2B60E00FBB03B /* Preview Content */ = {
			isa = PBXGroup;
			children = (
				8971404C24E2B60E00FBB03B /* Preview Assets.xcassets */,
			);
			path = "Preview Content";
			sourceTree = "<group>";
		};
		8971405724E2B66A00FBB03B /* App */ = {
			isa = PBXGroup;
			children = (
				8971404324E2B60C00FBB03B /* AppDelegate.swift */,
				8971404524E2B60C00FBB03B /* SceneDelegate.swift */,
				8971404E24E2B60E00FBB03B /* LaunchScreen.storyboard */,
			);
			path = App;
			sourceTree = "<group>";
		};
		8971405824E2B67E00FBB03B /* Resources */ = {
			isa = PBXGroup;
			children = (
				8971404924E2B60E00FBB03B /* Assets.xcassets */,
			);
			path = Resources;
			sourceTree = "<group>";
		};
		898A72C424E2B98E0013BC34 /* Models */ = {
			isa = PBXGroup;
			children = (
				898A72CE24E2C28A0013BC34 /* User.swift */,
				898A72D024E2C4C40013BC34 /* ExamResult.swift */,
				898A72C624E2BA320013BC34 /* Institution.swift */,
				898A72CA24E2BAC00013BC34 /* Recrutation.swift */,
				898A72C824E2BAAA0013BC34 /* Course.swift */,
				898A72CC24E2BF390013BC34 /* Subject.swift */,
				898A72D224E2C67D0013BC34 /* DefinedSubjects.swift */,
			);
			path = Models;
			sourceTree = "<group>";
		};
		898A72C524E2B9AD0013BC34 /* Screens */ = {
			isa = PBXGroup;
			children = (
				898A72D424E2C9B00013BC34 /* HomeScreen */,
				898A72D924E2C9F00013BC34 /* UserAccountScreen */,
				894DEB6324E4212300942B36 /* CatalogScreen */,
				898A72DE24E2CA310013BC34 /* CalculatorScreen */,
			);
			path = Screens;
			sourceTree = "<group>";
		};
		898A72D424E2C9B00013BC34 /* HomeScreen */ = {
			isa = PBXGroup;
			children = (
				898A72D524E2C9C80013BC34 /* HomeScreenView.swift */,
				898A72D724E2C9D30013BC34 /* HomeScreenViewModel.swift */,
			);
			path = HomeScreen;
			sourceTree = "<group>";
		};
		898A72D924E2C9F00013BC34 /* UserAccountScreen */ = {
			isa = PBXGroup;
			children = (
				898A72DC24E2CA130013BC34 /* UserAccountScreen.swift */,
				898A72DA24E2CA080013BC34 /* UserAccountViewModel.swift */,
			);
			path = UserAccountScreen;
			sourceTree = "<group>";
		};
		898A72DE24E2CA310013BC34 /* CalculatorScreen */ = {
			isa = PBXGroup;
			children = (
			);
			path = CalculatorScreen;
			sourceTree = "<group>";
		};
/* End PBXGroup section */

/* Begin PBXNativeTarget section */
		8971403F24E2B60C00FBB03B /* UniversityCalculator */ = {
			isa = PBXNativeTarget;
			buildConfigurationList = 8971405424E2B60E00FBB03B /* Build configuration list for PBXNativeTarget "UniversityCalculator" */;
			buildPhases = (
				8971403C24E2B60C00FBB03B /* Sources */,
				8971403D24E2B60C00FBB03B /* Frameworks */,
				8971403E24E2B60C00FBB03B /* Resources */,
			);
			buildRules = (
			);
			dependencies = (
			);
			name = UniversityCalculator;
			productName = UniversityCalculator;
			productReference = 8971404024E2B60C00FBB03B /* UniversityCalculator.app */;
			productType = "com.apple.product-type.application";
		};
/* End PBXNativeTarget section */

/* Begin PBXProject section */
		8971403824E2B60C00FBB03B /* Project object */ = {
			isa = PBXProject;
			attributes = {
				LastSwiftUpdateCheck = 1160;
				LastUpgradeCheck = 1160;
				ORGANIZATIONNAME = "Wojciech Kudrynski";
				TargetAttributes = {
					8971403F24E2B60C00FBB03B = {
						CreatedOnToolsVersion = 11.6;
					};
				};
			};
			buildConfigurationList = 8971403B24E2B60C00FBB03B /* Build configuration list for PBXProject "UniversityCalculator" */;
			compatibilityVersion = "Xcode 9.3";
			developmentRegion = en;
			hasScannedForEncodings = 0;
			knownRegions = (
				en,
				Base,
			);
			mainGroup = 8971403724E2B60C00FBB03B;
			productRefGroup = 8971404124E2B60C00FBB03B /* Products */;
			projectDirPath = "";
			projectRoot = "";
			targets = (
				8971403F24E2B60C00FBB03B /* UniversityCalculator */,
			);
		};
/* End PBXProject section */

/* Begin PBXResourcesBuildPhase section */
		8971403E24E2B60C00FBB03B /* Resources */ = {
			isa = PBXResourcesBuildPhase;
			buildActionMask = 2147483647;
			files = (
				8971405024E2B60E00FBB03B /* LaunchScreen.storyboard in Resources */,
				8971404D24E2B60E00FBB03B /* Preview Assets.xcassets in Resources */,
				8971404A24E2B60E00FBB03B /* Assets.xcassets in Resources */,
			);
			runOnlyForDeploymentPostprocessing = 0;
		};
/* End PBXResourcesBuildPhase section */

/* Begin PBXSourcesBuildPhase section */
		8971403C24E2B60C00FBB03B /* Sources */ = {
			isa = PBXSourcesBuildPhase;
			buildActionMask = 2147483647;
			files = (
				898A72E224E2CA680013BC34 /* CatalogScreenViewModel.swift in Sources */,
				898A72DD24E2CA130013BC34 /* UserAccountScreen.swift in Sources */,
				898A72DB24E2CA080013BC34 /* UserAccountViewModel.swift in Sources */,
				8971404424E2B60C00FBB03B /* AppDelegate.swift in Sources */,
				898A72D824E2C9D30013BC34 /* HomeScreenViewModel.swift in Sources */,
				8971404624E2B60C00FBB03B /* SceneDelegate.swift in Sources */,
				898A72D324E2C67D0013BC34 /* DefinedSubjects.swift in Sources */,
				898A72CD24E2BF390013BC34 /* Subject.swift in Sources */,
				898A72D124E2C4C40013BC34 /* ExamResult.swift in Sources */,
				898A72CB24E2BAC00013BC34 /* Recrutation.swift in Sources */,
				898A72CF24E2C28A0013BC34 /* User.swift in Sources */,
				898A72D624E2C9C80013BC34 /* HomeScreenView.swift in Sources */,
				898A72C924E2BAAA0013BC34 /* Course.swift in Sources */,
				894DEB6224E41AC600942B36 /* FloatConverter.swift in Sources */,
				898A72C724E2BA320013BC34 /* Institution.swift in Sources */,
				898A72E024E2CA5A0013BC34 /* CatalogScreen.swift in Sources */,
			);
			runOnlyForDeploymentPostprocessing = 0;
		};
/* End PBXSourcesBuildPhase section */

/* Begin PBXVariantGroup section */
		8971404E24E2B60E00FBB03B /* LaunchScreen.storyboard */ = {
			isa = PBXVariantGroup;
			children = (
				8971404F24E2B60E00FBB03B /* Base */,
			);
			name = LaunchScreen.storyboard;
			sourceTree = "<group>";
		};
/* End PBXVariantGroup section */

/* Begin XCBuildConfiguration section */
		8971405224E2B60E00FBB03B /* Debug */ = {
			isa = XCBuildConfiguration;
			buildSettings = {
				ALWAYS_SEARCH_USER_PATHS = NO;
				CLANG_ANALYZER_NONNULL = YES;
				CLANG_ANALYZER_NUMBER_OBJECT_CONVERSION = YES_AGGRESSIVE;
				CLANG_CXX_LANGUAGE_STANDARD = "gnu++14";
				CLANG_CXX_LIBRARY = "libc++";
				CLANG_ENABLE_MODULES = YES;
				CLANG_ENABLE_OBJC_ARC = YES;
				CLANG_ENABLE_OBJC_WEAK = YES;
				CLANG_WARN_BLOCK_CAPTURE_AUTORELEASING = YES;
				CLANG_WARN_BOOL_CONVERSION = YES;
				CLANG_WARN_COMMA = YES;
				CLANG_WARN_CONSTANT_CONVERSION = YES;
				CLANG_WARN_DEPRECATED_OBJC_IMPLEMENTATIONS = YES;
				CLANG_WARN_DIRECT_OBJC_ISA_USAGE = YES_ERROR;
				CLANG_WARN_DOCUMENTATION_COMMENTS = YES;
				CLANG_WARN_EMPTY_BODY = YES;
				CLANG_WARN_ENUM_CONVERSION = YES;
				CLANG_WARN_INFINITE_RECURSION = YES;
				CLANG_WARN_INT_CONVERSION = YES;
				CLANG_WARN_NON_LITERAL_NULL_CONVERSION = YES;
				CLANG_WARN_OBJC_IMPLICIT_RETAIN_SELF = YES;
				CLANG_WARN_OBJC_LITERAL_CONVERSION = YES;
				CLANG_WARN_OBJC_ROOT_CLASS = YES_ERROR;
				CLANG_WARN_RANGE_LOOP_ANALYSIS = YES;
				CLANG_WARN_STRICT_PROTOTYPES = YES;
				CLANG_WARN_SUSPICIOUS_MOVE = YES;
				CLANG_WARN_UNGUARDED_AVAILABILITY = YES_AGGRESSIVE;
				CLANG_WARN_UNREACHABLE_CODE = YES;
				CLANG_WARN__DUPLICATE_METHOD_MATCH = YES;
				COPY_PHASE_STRIP = NO;
				DEBUG_INFORMATION_FORMAT = dwarf;
				ENABLE_STRICT_OBJC_MSGSEND = YES;
				ENABLE_TESTABILITY = YES;
				GCC_C_LANGUAGE_STANDARD = gnu11;
				GCC_DYNAMIC_NO_PIC = NO;
				GCC_NO_COMMON_BLOCKS = YES;
				GCC_OPTIMIZATION_LEVEL = 0;
				GCC_PREPROCESSOR_DEFINITIONS = (
					"DEBUG=1",
					"$(inherited)",
				);
				GCC_WARN_64_TO_32_BIT_CONVERSION = YES;
				GCC_WARN_ABOUT_RETURN_TYPE = YES_ERROR;
				GCC_WARN_UNDECLARED_SELECTOR = YES;
				GCC_WARN_UNINITIALIZED_AUTOS = YES_AGGRESSIVE;
				GCC_WARN_UNUSED_FUNCTION = YES;
				GCC_WARN_UNUSED_VARIABLE = YES;
				IPHONEOS_DEPLOYMENT_TARGET = 13.6;
				MTL_ENABLE_DEBUG_INFO = INCLUDE_SOURCE;
				MTL_FAST_MATH = YES;
				ONLY_ACTIVE_ARCH = YES;
				SDKROOT = iphoneos;
				SWIFT_ACTIVE_COMPILATION_CONDITIONS = DEBUG;
				SWIFT_OPTIMIZATION_LEVEL = "-Onone";
			};
			name = Debug;
		};
		8971405324E2B60E00FBB03B /* Release */ = {
			isa = XCBuildConfiguration;
			buildSettings = {
				ALWAYS_SEARCH_USER_PATHS = NO;
				CLANG_ANALYZER_NONNULL = YES;
				CLANG_ANALYZER_NUMBER_OBJECT_CONVERSION = YES_AGGRESSIVE;
				CLANG_CXX_LANGUAGE_STANDARD = "gnu++14";
				CLANG_CXX_LIBRARY = "libc++";
				CLANG_ENABLE_MODULES = YES;
				CLANG_ENABLE_OBJC_ARC = YES;
				CLANG_ENABLE_OBJC_WEAK = YES;
				CLANG_WARN_BLOCK_CAPTURE_AUTORELEASING = YES;
				CLANG_WARN_BOOL_CONVERSION = YES;
				CLANG_WARN_COMMA = YES;
				CLANG_WARN_CONSTANT_CONVERSION = YES;
				CLANG_WARN_DEPRECATED_OBJC_IMPLEMENTATIONS = YES;
				CLANG_WARN_DIRECT_OBJC_ISA_USAGE = YES_ERROR;
				CLANG_WARN_DOCUMENTATION_COMMENTS = YES;
				CLANG_WARN_EMPTY_BODY = YES;
				CLANG_WARN_ENUM_CONVERSION = YES;
				CLANG_WARN_INFINITE_RECURSION = YES;
				CLANG_WARN_INT_CONVERSION = YES;
				CLANG_WARN_NON_LITERAL_NULL_CONVERSION = YES;
				CLANG_WARN_OBJC_IMPLICIT_RETAIN_SELF = YES;
				CLANG_WARN_OBJC_LITERAL_CONVERSION = YES;
				CLANG_WARN_OBJC_ROOT_CLASS = YES_ERROR;
				CLANG_WARN_RANGE_LOOP_ANALYSIS = YES;
				CLANG_WARN_STRICT_PROTOTYPES = YES;
				CLANG_WARN_SUSPICIOUS_MOVE = YES;
				CLANG_WARN_UNGUARDED_AVAILABILITY = YES_AGGRESSIVE;
				CLANG_WARN_UNREACHABLE_CODE = YES;
				CLANG_WARN__DUPLICATE_METHOD_MATCH = YES;
				COPY_PHASE_STRIP = NO;
				DEBUG_INFORMATION_FORMAT = "dwarf-with-dsym";
				ENABLE_NS_ASSERTIONS = NO;
				ENABLE_STRICT_OBJC_MSGSEND = YES;
				GCC_C_LANGUAGE_STANDARD = gnu11;
				GCC_NO_COMMON_BLOCKS = YES;
				GCC_WARN_64_TO_32_BIT_CONVERSION = YES;
				GCC_WARN_ABOUT_RETURN_TYPE = YES_ERROR;
				GCC_WARN_UNDECLARED_SELECTOR = YES;
				GCC_WARN_UNINITIALIZED_AUTOS = YES_AGGRESSIVE;
				GCC_WARN_UNUSED_FUNCTION = YES;
				GCC_WARN_UNUSED_VARIABLE = YES;
				IPHONEOS_DEPLOYMENT_TARGET = 13.6;
				MTL_ENABLE_DEBUG_INFO = NO;
				MTL_FAST_MATH = YES;
				SDKROOT = iphoneos;
				SWIFT_COMPILATION_MODE = wholemodule;
				SWIFT_OPTIMIZATION_LEVEL = "-O";
				VALIDATE_PRODUCT = YES;
			};
			name = Release;
		};
		8971405524E2B60E00FBB03B /* Debug */ = {
			isa = XCBuildConfiguration;
			buildSettings = {
				ASSETCATALOG_COMPILER_APPICON_NAME = AppIcon;
				CODE_SIGN_STYLE = Automatic;
				DEVELOPMENT_ASSET_PATHS = "\"UniversityCalculator/Preview Content\"";
				DEVELOPMENT_TEAM = 3CH58L6F73;
				ENABLE_PREVIEWS = YES;
				INFOPLIST_FILE = UniversityCalculator/Info.plist;
				LD_RUNPATH_SEARCH_PATHS = (
					"$(inherited)",
					"@executable_path/Frameworks",
				);
				PRODUCT_BUNDLE_IDENTIFIER = com.kudrynski.UniversityCalculator;
				PRODUCT_NAME = "$(TARGET_NAME)";
				SWIFT_VERSION = 5.0;
				TARGETED_DEVICE_FAMILY = 1;
			};
			name = Debug;
		};
		8971405624E2B60E00FBB03B /* Release */ = {
			isa = XCBuildConfiguration;
			buildSettings = {
				ASSETCATALOG_COMPILER_APPICON_NAME = AppIcon;
				CODE_SIGN_STYLE = Automatic;
				DEVELOPMENT_ASSET_PATHS = "\"UniversityCalculator/Preview Content\"";
				DEVELOPMENT_TEAM = 3CH58L6F73;
				ENABLE_PREVIEWS = YES;
				INFOPLIST_FILE = UniversityCalculator/Info.plist;
				LD_RUNPATH_SEARCH_PATHS = (
					"$(inherited)",
					"@executable_path/Frameworks",
				);
				PRODUCT_BUNDLE_IDENTIFIER = com.kudrynski.UniversityCalculator;
				PRODUCT_NAME = "$(TARGET_NAME)";
				SWIFT_VERSION = 5.0;
				TARGETED_DEVICE_FAMILY = 1;
			};
			name = Release;
		};
/* End XCBuildConfiguration section */

/* Begin XCConfigurationList section */
		8971403B24E2B60C00FBB03B /* Build configuration list for PBXProject "UniversityCalculator" */ = {
			isa = XCConfigurationList;
			buildConfigurations = (
				8971405224E2B60E00FBB03B /* Debug */,
				8971405324E2B60E00FBB03B /* Release */,
			);
			defaultConfigurationIsVisible = 0;
			defaultConfigurationName = Release;
		};
		8971405424E2B60E00FBB03B /* Build configuration list for PBXNativeTarget "UniversityCalculator" */ = {
			isa = XCConfigurationList;
			buildConfigurations = (
				8971405524E2B60E00FBB03B /* Debug */,
				8971405624E2B60E00FBB03B /* Release */,
			);
			defaultConfigurationIsVisible = 0;
			defaultConfigurationName = Release;
		};
/* End XCConfigurationList section */
	};
	rootObject = 8971403824E2B60C00FBB03B /* Project object */;
}
